
Microsoft Visual Studio Solution File, Format Version 12.00
# Visual Studio 15
VisualStudioVersion = 15.0.28010.2016
MinimumVisualStudioVersion = 10.0.40219.1
Project("{FAE04EC0-301F-11D3-BF4B-00C04F79EFBC}") = "GitTraining", "GitTraining\GitTraining.csproj", "{2C950A83-8BB5-4877-A5A0-43ACBE0EEFE5}"
EndProject
Global
	GlobalSection(SolutionConfigurationPlatforms) = preSolution
		Debug|Any CPU = Debug|Any CPU
		Release|Any CPU = Release|Any CPU
	EndGlobalSection
	GlobalSection(ProjectConfigurationPlatforms) = postSolution
		{2C950A83-8BB5-4877-A5A0-43ACBE0EEFE5}.Debug|Any CPU.ActiveCfg = Debug|Any CPU
		{2C950A83-8BB5-4877-A5A0-43ACBE0EEFE5}.Debug|Any CPU.Build.0 = Debug|Any CPU
		{2C950A83-8BB5-4877-A5A0-43ACBE0EEFE5}.Release|Any CPU.ActiveCfg = Release|Any CPU
		{2C950A83-8BB5-4877-A5A0-43ACBE0EEFE5}.Release|Any CPU.Build.0 = Release|Any CPU
	EndGlobalSection
	GlobalSection(SolutionProperties) = preSolution
		HideSolutionNode = FALSE
	EndGlobalSection
	GlobalSection(ExtensibilityGlobals) = postSolution
		SolutionGuid = {6B4CF94B-F8AC-46A6-B2DF-86BFADA87EB0}
	EndGlobalSection
EndGlobal
